{
  "name": "vuex-learn",
  "version": "1.0.0",
  "lockfileVersion": 1,
  "requires": true,
  "dependencies": {
    "vue": {
      "version": "2.6.10",
      "resolved": "https://registry.npm.taobao.org/vue/download/vue-2.6.10.tgz",
      "integrity": "sha1-pysaQqTYKnIepDjRtr9V5mGVxjc="
    },
    "vuex": {
      "version": "3.1.1",
      "resolved": "https://registry.npm.taobao.org/vuex/download/vuex-3.1.1.tgz",
      "integrity": "sha1-DCZL/jDNvM+Wq52zF30hGCilkQ4="
    }
  }
}
